
Microsoft Visual Studio Solution File, Format Version 12.00
# Visual Studio 15
VisualStudioVersion = 15.0.28307.1169
MinimumVisualStudioVersion = 10.0.40219.1
Project("{888888A0-9F3D-457C-B088-3A5042F75D52}") = "PMC S04L29", "PMC S04L29\PMC S04L29.pyproj", "{E786CEC1-3ED8-4F1C-BA74-F099E115685E}"
EndProject
Global
	GlobalSection(SolutionConfigurationPlatforms) = preSolution
		Debug|Any CPU = Debug|Any CPU
		Release|Any CPU = Release|Any CPU
	EndGlobalSection
	GlobalSection(ProjectConfigurationPlatforms) = postSolution
		{E786CEC1-3ED8-4F1C-BA74-F099E115685E}.Debug|Any CPU.ActiveCfg = Debug|Any CPU
		{E786CEC1-3ED8-4F1C-BA74-F099E115685E}.Release|Any CPU.ActiveCfg = Release|Any CPU
	EndGlobalSection
	GlobalSection(SolutionProperties) = preSolution
		HideSolutionNode = FALSE
	EndGlobalSection
	GlobalSection(ExtensibilityGlobals) = postSolution
		SolutionGuid = {134A69D3-DD36-4A45-89D1-0A0871FC802D}
	EndGlobalSection
EndGlobal
