
Microsoft Visual Studio Solution File, Format Version 12.00
# Visual Studio 15
VisualStudioVersion = 15.0.28010.2026
MinimumVisualStudioVersion = 10.0.40219.1
Project("{888888A0-9F3D-457C-B088-3A5042F75D52}") = "webBrowser", "webBrowser\webBrowser.pyproj", "{32BC8927-A7C5-4577-BAED-61DA88AF54F7}"
EndProject
Global
	GlobalSection(SolutionConfigurationPlatforms) = preSolution
		Debug|Any CPU = Debug|Any CPU
		Release|Any CPU = Release|Any CPU
	EndGlobalSection
	GlobalSection(ProjectConfigurationPlatforms) = postSolution
		{32BC8927-A7C5-4577-BAED-61DA88AF54F7}.Debug|Any CPU.ActiveCfg = Debug|Any CPU
		{32BC8927-A7C5-4577-BAED-61DA88AF54F7}.Release|Any CPU.ActiveCfg = Release|Any CPU
	EndGlobalSection
	GlobalSection(SolutionProperties) = preSolution
		HideSolutionNode = FALSE
	EndGlobalSection
	GlobalSection(ExtensibilityGlobals) = postSolution
		SolutionGuid = {A358EC90-2CED-4E16-9ED7-5CBC82ADAB3F}
	EndGlobalSection
EndGlobal
