
Microsoft Visual Studio Solution File, Format Version 12.00
# Visual Studio 15
VisualStudioVersion = 15.0.28010.2048
MinimumVisualStudioVersion = 10.0.40219.1
Project("{888888A0-9F3D-457C-B088-3A5042F75D52}") = "S08L113_Adding_Points2", "S08L113_Adding_Points2\S08L113_Adding_Points2.pyproj", "{9BB9E58D-9F33-4686-9388-E3DB7DA11D88}"
EndProject
Global
	GlobalSection(SolutionConfigurationPlatforms) = preSolution
		Debug|Any CPU = Debug|Any CPU
		Release|Any CPU = Release|Any CPU
	EndGlobalSection
	GlobalSection(ProjectConfigurationPlatforms) = postSolution
		{9BB9E58D-9F33-4686-9388-E3DB7DA11D88}.Debug|Any CPU.ActiveCfg = Debug|Any CPU
		{9BB9E58D-9F33-4686-9388-E3DB7DA11D88}.Release|Any CPU.ActiveCfg = Release|Any CPU
	EndGlobalSection
	GlobalSection(SolutionProperties) = preSolution
		HideSolutionNode = FALSE
	EndGlobalSection
	GlobalSection(ExtensibilityGlobals) = postSolution
		SolutionGuid = {5F915057-FB4C-4E3B-8A82-0FF3E37A1C04}
	EndGlobalSection
EndGlobal
