
Microsoft Visual Studio Solution File, Format Version 12.00
# Visual Studio 15
VisualStudioVersion = 15.0.28307.645
MinimumVisualStudioVersion = 10.0.40219.1
Project("{888888A0-9F3D-457C-B088-3A5042F75D52}") = "S12L160_Inserting_SQL", "S12L160_Inserting_SQL\S12L160_Inserting_SQL.pyproj", "{3CAAC7EB-42C5-41B4-8573-FD10BE4805E3}"
EndProject
Global
	GlobalSection(SolutionConfigurationPlatforms) = preSolution
		Debug|Any CPU = Debug|Any CPU
		Release|Any CPU = Release|Any CPU
	EndGlobalSection
	GlobalSection(ProjectConfigurationPlatforms) = postSolution
		{3CAAC7EB-42C5-41B4-8573-FD10BE4805E3}.Debug|Any CPU.ActiveCfg = Debug|Any CPU
		{3CAAC7EB-42C5-41B4-8573-FD10BE4805E3}.Release|Any CPU.ActiveCfg = Release|Any CPU
	EndGlobalSection
	GlobalSection(SolutionProperties) = preSolution
		HideSolutionNode = FALSE
	EndGlobalSection
	GlobalSection(ExtensibilityGlobals) = postSolution
		SolutionGuid = {C345219C-64A5-4A7F-BEF6-E0F1A848F755}
	EndGlobalSection
EndGlobal
