
Microsoft Visual Studio Solution File, Format Version 12.00
# Visual Studio 15
VisualStudioVersion = 15.0.28307.1209
MinimumVisualStudioVersion = 10.0.40219.1
Project("{888888A0-9F3D-457C-B088-3A5042F75D52}") = "PMC S10L67 More Functions", "PMC S10L67 More Functions\PMC S10L67 More Functions.pyproj", "{F353B029-9325-4CA9-A09A-0495CBE2AB72}"
EndProject
Global
	GlobalSection(SolutionConfigurationPlatforms) = preSolution
		Debug|Any CPU = Debug|Any CPU
		Release|Any CPU = Release|Any CPU
	EndGlobalSection
	GlobalSection(ProjectConfigurationPlatforms) = postSolution
		{F353B029-9325-4CA9-A09A-0495CBE2AB72}.Debug|Any CPU.ActiveCfg = Debug|Any CPU
		{F353B029-9325-4CA9-A09A-0495CBE2AB72}.Release|Any CPU.ActiveCfg = Release|Any CPU
	EndGlobalSection
	GlobalSection(SolutionProperties) = preSolution
		HideSolutionNode = FALSE
	EndGlobalSection
	GlobalSection(ExtensibilityGlobals) = postSolution
		SolutionGuid = {FC717570-AACC-4ABB-9201-4BCEE90E7128}
	EndGlobalSection
EndGlobal
