
Microsoft Visual Studio Solution File, Format Version 12.00
# Visual Studio 15
VisualStudioVersion = 15.0.28010.2050
MinimumVisualStudioVersion = 10.0.40219.1
Project("{888888A0-9F3D-457C-B088-3A5042F75D52}") = "S10L133_Python_Flask", "S10L133_Python_Flask\S10L133_Python_Flask.pyproj", "{2BEDE871-5C26-424B-AEB3-95394AE26FEB}"
EndProject
Global
	GlobalSection(SolutionConfigurationPlatforms) = preSolution
		Debug|Any CPU = Debug|Any CPU
		Release|Any CPU = Release|Any CPU
	EndGlobalSection
	GlobalSection(ProjectConfigurationPlatforms) = postSolution
		{2BEDE871-5C26-424B-AEB3-95394AE26FEB}.Debug|Any CPU.ActiveCfg = Debug|Any CPU
		{2BEDE871-5C26-424B-AEB3-95394AE26FEB}.Debug|Any CPU.Build.0 = Debug|Any CPU
		{2BEDE871-5C26-424B-AEB3-95394AE26FEB}.Release|Any CPU.ActiveCfg = Release|Any CPU
		{2BEDE871-5C26-424B-AEB3-95394AE26FEB}.Release|Any CPU.Build.0 = Release|Any CPU
	EndGlobalSection
	GlobalSection(SolutionProperties) = preSolution
		HideSolutionNode = FALSE
	EndGlobalSection
	GlobalSection(ExtensibilityGlobals) = postSolution
		SolutionGuid = {F280F6C5-C16C-4E25-969D-35C1C061F325}
	EndGlobalSection
EndGlobal
