
Microsoft Visual Studio Solution File, Format Version 12.00
# Visual Studio 15
VisualStudioVersion = 15.0.28307.329
MinimumVisualStudioVersion = 10.0.40219.1
Project("{888888A0-9F3D-457C-B088-3A5042F75D52}") = "S13L155_PostreSQL_Psycopg2", "S13L155_PostreSQL_Psycopg2\S13L155_PostreSQL_Psycopg2.pyproj", "{F36F2ADE-73C6-49E8-82C1-08CA8FB198C6}"
EndProject
Global
	GlobalSection(SolutionConfigurationPlatforms) = preSolution
		Debug|Any CPU = Debug|Any CPU
		Release|Any CPU = Release|Any CPU
	EndGlobalSection
	GlobalSection(ProjectConfigurationPlatforms) = postSolution
		{F36F2ADE-73C6-49E8-82C1-08CA8FB198C6}.Debug|Any CPU.ActiveCfg = Debug|Any CPU
		{F36F2ADE-73C6-49E8-82C1-08CA8FB198C6}.Release|Any CPU.ActiveCfg = Release|Any CPU
	EndGlobalSection
	GlobalSection(SolutionProperties) = preSolution
		HideSolutionNode = FALSE
	EndGlobalSection
	GlobalSection(ExtensibilityGlobals) = postSolution
		SolutionGuid = {918F805A-5B8D-416E-9EB4-1DA53904D04C}
	EndGlobalSection
EndGlobal
