
Microsoft Visual Studio Solution File, Format Version 12.00
# Visual Studio 15
VisualStudioVersion = 15.0.28010.2036
MinimumVisualStudioVersion = 10.0.40219.1
Project("{888888A0-9F3D-457C-B088-3A5042F75D52}") = "S02L15_Slicing", "S02L15_Slicing\S02L15_Slicing.pyproj", "{D7450F96-E23A-4AB3-87A0-503407A7D10C}"
EndProject
Global
	GlobalSection(SolutionConfigurationPlatforms) = preSolution
		Debug|Any CPU = Debug|Any CPU
		Release|Any CPU = Release|Any CPU
	EndGlobalSection
	GlobalSection(ProjectConfigurationPlatforms) = postSolution
		{D7450F96-E23A-4AB3-87A0-503407A7D10C}.Debug|Any CPU.ActiveCfg = Debug|Any CPU
		{D7450F96-E23A-4AB3-87A0-503407A7D10C}.Release|Any CPU.ActiveCfg = Release|Any CPU
	EndGlobalSection
	GlobalSection(SolutionProperties) = preSolution
		HideSolutionNode = FALSE
	EndGlobalSection
	GlobalSection(ExtensibilityGlobals) = postSolution
		SolutionGuid = {2912B119-859E-4991-8087-3FF8BCF9CE93}
	EndGlobalSection
EndGlobal
