
Microsoft Visual Studio Solution File, Format Version 12.00
# Visual Studio 15
VisualStudioVersion = 15.0.28307.1209
MinimumVisualStudioVersion = 10.0.40219.1
Project("{888888A0-9F3D-457C-B088-3A5042F75D52}") = "PMC S07L49 Loops", "PMC S07L49 Loops\PMC S07L49 Loops.pyproj", "{B480CAE0-DFD9-41A0-8BA2-C25275A40AA0}"
EndProject
Global
	GlobalSection(SolutionConfigurationPlatforms) = preSolution
		Debug|Any CPU = Debug|Any CPU
		Release|Any CPU = Release|Any CPU
	EndGlobalSection
	GlobalSection(ProjectConfigurationPlatforms) = postSolution
		{B480CAE0-DFD9-41A0-8BA2-C25275A40AA0}.Debug|Any CPU.ActiveCfg = Debug|Any CPU
		{B480CAE0-DFD9-41A0-8BA2-C25275A40AA0}.Release|Any CPU.ActiveCfg = Release|Any CPU
	EndGlobalSection
	GlobalSection(SolutionProperties) = preSolution
		HideSolutionNode = FALSE
	EndGlobalSection
	GlobalSection(ExtensibilityGlobals) = postSolution
		SolutionGuid = {53B38659-7EE7-4643-AB6F-79A892CAE467}
	EndGlobalSection
EndGlobal
