
Microsoft Visual Studio Solution File, Format Version 12.00
# Visual Studio 15
VisualStudioVersion = 15.0.28307.271
MinimumVisualStudioVersion = 10.0.40219.1
Project("{888888A0-9F3D-457C-B088-3A5042F75D52}") = "S12L150_Databases", "S12L150_Databases\S12L150_Databases.pyproj", "{A00E96DB-CAC4-4C56-94B7-E1F76C7D2C63}"
EndProject
Global
	GlobalSection(SolutionConfigurationPlatforms) = preSolution
		Debug|Any CPU = Debug|Any CPU
		Release|Any CPU = Release|Any CPU
	EndGlobalSection
	GlobalSection(ProjectConfigurationPlatforms) = postSolution
		{A00E96DB-CAC4-4C56-94B7-E1F76C7D2C63}.Debug|Any CPU.ActiveCfg = Debug|Any CPU
		{A00E96DB-CAC4-4C56-94B7-E1F76C7D2C63}.Release|Any CPU.ActiveCfg = Release|Any CPU
	EndGlobalSection
	GlobalSection(SolutionProperties) = preSolution
		HideSolutionNode = FALSE
	EndGlobalSection
	GlobalSection(ExtensibilityGlobals) = postSolution
		SolutionGuid = {558D50FD-3822-41F7-B184-F4FBB24A1638}
	EndGlobalSection
EndGlobal
