
Microsoft Visual Studio Solution File, Format Version 12.00
# Visual Studio 15
VisualStudioVersion = 15.0.28010.2046
MinimumVisualStudioVersion = 10.0.40219.1
Project("{888888A0-9F3D-457C-B088-3A5042F75D52}") = "S05L88_Optimizing Output", "S05L88_Optimizing Output\S05L88_Optimizing Output.pyproj", "{1A924DA8-6AF8-4B98-9324-E398FF78FA58}"
EndProject
Global
	GlobalSection(SolutionConfigurationPlatforms) = preSolution
		Debug|Any CPU = Debug|Any CPU
		Release|Any CPU = Release|Any CPU
	EndGlobalSection
	GlobalSection(ProjectConfigurationPlatforms) = postSolution
		{1A924DA8-6AF8-4B98-9324-E398FF78FA58}.Debug|Any CPU.ActiveCfg = Debug|Any CPU
		{1A924DA8-6AF8-4B98-9324-E398FF78FA58}.Release|Any CPU.ActiveCfg = Release|Any CPU
	EndGlobalSection
	GlobalSection(SolutionProperties) = preSolution
		HideSolutionNode = FALSE
	EndGlobalSection
	GlobalSection(ExtensibilityGlobals) = postSolution
		SolutionGuid = {A578C6F4-FF14-43B6-95A2-D032D78E4E0C}
	EndGlobalSection
EndGlobal
