
Microsoft Visual Studio Solution File, Format Version 12.00
# Visual Studio 15
VisualStudioVersion = 15.0.28010.2046
MinimumVisualStudioVersion = 10.0.40219.1
Project("{888888A0-9F3D-457C-B088-3A5042F75D52}") = "S08L113_Adding_Points", "S08L113_Adding_Points\S08L113_Adding_Points.pyproj", "{537BD071-2719-4DAF-A42E-ABC351BEBFAC}"
EndProject
Global
	GlobalSection(SolutionConfigurationPlatforms) = preSolution
		Debug|Any CPU = Debug|Any CPU
		Release|Any CPU = Release|Any CPU
	EndGlobalSection
	GlobalSection(ProjectConfigurationPlatforms) = postSolution
		{537BD071-2719-4DAF-A42E-ABC351BEBFAC}.Debug|Any CPU.ActiveCfg = Debug|Any CPU
		{537BD071-2719-4DAF-A42E-ABC351BEBFAC}.Release|Any CPU.ActiveCfg = Release|Any CPU
	EndGlobalSection
	GlobalSection(SolutionProperties) = preSolution
		HideSolutionNode = FALSE
	EndGlobalSection
	GlobalSection(ExtensibilityGlobals) = postSolution
		SolutionGuid = {167DACE2-D41D-4A47-9E66-C5874557A4CE}
	EndGlobalSection
EndGlobal
