
Microsoft Visual Studio Solution File, Format Version 12.00
# Visual Studio 15
VisualStudioVersion = 15.0.28307.421
MinimumVisualStudioVersion = 10.0.40219.1
Project("{888888A0-9F3D-457C-B088-3A5042F75D52}") = "S12L156_Quering_Data", "S12L156_Quering_Data\S12L156_Quering_Data.pyproj", "{0B22C6AC-284C-42EF-AFCE-59F93D0E3EBB}"
EndProject
Global
	GlobalSection(SolutionConfigurationPlatforms) = preSolution
		Debug|Any CPU = Debug|Any CPU
		Release|Any CPU = Release|Any CPU
	EndGlobalSection
	GlobalSection(ProjectConfigurationPlatforms) = postSolution
		{0B22C6AC-284C-42EF-AFCE-59F93D0E3EBB}.Debug|Any CPU.ActiveCfg = Debug|Any CPU
		{0B22C6AC-284C-42EF-AFCE-59F93D0E3EBB}.Release|Any CPU.ActiveCfg = Release|Any CPU
	EndGlobalSection
	GlobalSection(SolutionProperties) = preSolution
		HideSolutionNode = FALSE
	EndGlobalSection
	GlobalSection(ExtensibilityGlobals) = postSolution
		SolutionGuid = {6AF995CB-BB39-4C33-8826-F6AC9070B1B0}
	EndGlobalSection
EndGlobal
