
Microsoft Visual Studio Solution File, Format Version 12.00
# Visual Studio 15
VisualStudioVersion = 15.0.28010.2036
MinimumVisualStudioVersion = 10.0.40219.1
Project("{888888A0-9F3D-457C-B088-3A5042F75D52}") = "S02L40_Reading_Files_(Practice)", "S02L40_Reading_Files_(Practice)\S02L40_Reading_Files_(Practice).pyproj", "{D80B1299-4DF2-4B2F-BD4E-18A0035AF659}"
EndProject
Global
	GlobalSection(SolutionConfigurationPlatforms) = preSolution
		Debug|Any CPU = Debug|Any CPU
		Release|Any CPU = Release|Any CPU
	EndGlobalSection
	GlobalSection(ProjectConfigurationPlatforms) = postSolution
		{D80B1299-4DF2-4B2F-BD4E-18A0035AF659}.Debug|Any CPU.ActiveCfg = Debug|Any CPU
		{D80B1299-4DF2-4B2F-BD4E-18A0035AF659}.Release|Any CPU.ActiveCfg = Release|Any CPU
	EndGlobalSection
	GlobalSection(SolutionProperties) = preSolution
		HideSolutionNode = FALSE
	EndGlobalSection
	GlobalSection(ExtensibilityGlobals) = postSolution
		SolutionGuid = {C0705259-142B-4412-8243-C5E38E23069A}
	EndGlobalSection
EndGlobal
