
Microsoft Visual Studio Solution File, Format Version 12.00
# Visual Studio 15
VisualStudioVersion = 15.0.28307.1209
MinimumVisualStudioVersion = 10.0.40219.1
Project("{888888A0-9F3D-457C-B088-3A5042F75D52}") = "PMC S12L82 Imported Modules", "PMC S12L82 Imported Modules\PMC S12L82 Imported Modules.pyproj", "{E6212BB1-D1F5-49B6-B2EC-C18EBECE3605}"
EndProject
Global
	GlobalSection(SolutionConfigurationPlatforms) = preSolution
		Debug|Any CPU = Debug|Any CPU
		Release|Any CPU = Release|Any CPU
	EndGlobalSection
	GlobalSection(ProjectConfigurationPlatforms) = postSolution
		{E6212BB1-D1F5-49B6-B2EC-C18EBECE3605}.Debug|Any CPU.ActiveCfg = Debug|Any CPU
		{E6212BB1-D1F5-49B6-B2EC-C18EBECE3605}.Release|Any CPU.ActiveCfg = Release|Any CPU
	EndGlobalSection
	GlobalSection(SolutionProperties) = preSolution
		HideSolutionNode = FALSE
	EndGlobalSection
	GlobalSection(ExtensibilityGlobals) = postSolution
		SolutionGuid = {BE63B87A-3FE7-48E2-B82B-650B68E7BB4E}
	EndGlobalSection
EndGlobal
