
Microsoft Visual Studio Solution File, Format Version 12.00
# Visual Studio 15
VisualStudioVersion = 15.0.28010.2048
MinimumVisualStudioVersion = 10.0.40219.1
Project("{888888A0-9F3D-457C-B088-3A5042F75D52}") = "S08L115_HTML_Popups(2)", "S08L115_HTML_Popups(2)\S08L115_HTML_Popups(2).pyproj", "{94ABF94E-14F7-47EC-8CC8-0E6AEA8DF63E}"
EndProject
Global
	GlobalSection(SolutionConfigurationPlatforms) = preSolution
		Debug|Any CPU = Debug|Any CPU
		Release|Any CPU = Release|Any CPU
	EndGlobalSection
	GlobalSection(ProjectConfigurationPlatforms) = postSolution
		{94ABF94E-14F7-47EC-8CC8-0E6AEA8DF63E}.Debug|Any CPU.ActiveCfg = Debug|Any CPU
		{94ABF94E-14F7-47EC-8CC8-0E6AEA8DF63E}.Release|Any CPU.ActiveCfg = Release|Any CPU
	EndGlobalSection
	GlobalSection(SolutionProperties) = preSolution
		HideSolutionNode = FALSE
	EndGlobalSection
	GlobalSection(ExtensibilityGlobals) = postSolution
		SolutionGuid = {F9100D74-9F0E-426A-B33D-E5D5EB12D0B8}
	EndGlobalSection
EndGlobal
