
Microsoft Visual Studio Solution File, Format Version 12.00
# Visual Studio 15
VisualStudioVersion = 15.0.28010.2050
MinimumVisualStudioVersion = 10.0.40219.1
Project("{888888A0-9F3D-457C-B088-3A5042F75D52}") = "S08L123_Layer_Control_Panel", "S08L123_Layer_Control_Panel\S08L123_Layer_Control_Panel.pyproj", "{F570CF8A-A585-43EC-86F6-B5C5EFE6DA10}"
EndProject
Global
	GlobalSection(SolutionConfigurationPlatforms) = preSolution
		Debug|Any CPU = Debug|Any CPU
		Release|Any CPU = Release|Any CPU
	EndGlobalSection
	GlobalSection(ProjectConfigurationPlatforms) = postSolution
		{F570CF8A-A585-43EC-86F6-B5C5EFE6DA10}.Debug|Any CPU.ActiveCfg = Debug|Any CPU
		{F570CF8A-A585-43EC-86F6-B5C5EFE6DA10}.Release|Any CPU.ActiveCfg = Release|Any CPU
	EndGlobalSection
	GlobalSection(SolutionProperties) = preSolution
		HideSolutionNode = FALSE
	EndGlobalSection
	GlobalSection(ExtensibilityGlobals) = postSolution
		SolutionGuid = {87ABDB6E-46FF-4359-9E1C-39CEF0DB3214}
	EndGlobalSection
EndGlobal
