
Microsoft Visual Studio Solution File, Format Version 12.00
# Visual Studio 15
VisualStudioVersion = 15.0.28010.2046
MinimumVisualStudioVersion = 10.0.40219.1
Project("{888888A0-9F3D-457C-B088-3A5042F75D52}") = "S08L115_HTML_Popups", "S08L115_HTML_Popups\S08L115_HTML_Popups.pyproj", "{D330BC5E-C29F-4942-94EC-3DE81F0C8A63}"
EndProject
Global
	GlobalSection(SolutionConfigurationPlatforms) = preSolution
		Debug|Any CPU = Debug|Any CPU
		Release|Any CPU = Release|Any CPU
	EndGlobalSection
	GlobalSection(ProjectConfigurationPlatforms) = postSolution
		{D330BC5E-C29F-4942-94EC-3DE81F0C8A63}.Debug|Any CPU.ActiveCfg = Debug|Any CPU
		{D330BC5E-C29F-4942-94EC-3DE81F0C8A63}.Release|Any CPU.ActiveCfg = Release|Any CPU
	EndGlobalSection
	GlobalSection(SolutionProperties) = preSolution
		HideSolutionNode = FALSE
	EndGlobalSection
	GlobalSection(ExtensibilityGlobals) = postSolution
		SolutionGuid = {01A3B30F-47EC-4A1D-81FB-B546FD3CABDC}
	EndGlobalSection
EndGlobal
