
Microsoft Visual Studio Solution File, Format Version 12.00
# Visual Studio 15
VisualStudioVersion = 15.0.28307.168
MinimumVisualStudioVersion = 10.0.40219.1
Project("{888888A0-9F3D-457C-B088-3A5042F75D52}") = "P01C01L02", "P01C01L02\P01C01L02.pyproj", "{7EE93F32-0CC5-46E7-8BD5-08DAA3A01B20}"
EndProject
Global
	GlobalSection(SolutionConfigurationPlatforms) = preSolution
		Debug|Any CPU = Debug|Any CPU
		Release|Any CPU = Release|Any CPU
	EndGlobalSection
	GlobalSection(ProjectConfigurationPlatforms) = postSolution
		{7EE93F32-0CC5-46E7-8BD5-08DAA3A01B20}.Debug|Any CPU.ActiveCfg = Debug|Any CPU
		{7EE93F32-0CC5-46E7-8BD5-08DAA3A01B20}.Debug|Any CPU.Build.0 = Debug|Any CPU
		{7EE93F32-0CC5-46E7-8BD5-08DAA3A01B20}.Release|Any CPU.ActiveCfg = Release|Any CPU
		{7EE93F32-0CC5-46E7-8BD5-08DAA3A01B20}.Release|Any CPU.Build.0 = Release|Any CPU
	EndGlobalSection
	GlobalSection(SolutionProperties) = preSolution
		HideSolutionNode = FALSE
	EndGlobalSection
	GlobalSection(ExtensibilityGlobals) = postSolution
		SolutionGuid = {15C8D430-D17C-4C28-897A-1EC3152E904F}
	EndGlobalSection
EndGlobal
