
Microsoft Visual Studio Solution File, Format Version 12.00
# Visual Studio 15
VisualStudioVersion = 15.0.28010.2046
MinimumVisualStudioVersion = 10.0.40219.1
Project("{888888A0-9F3D-457C-B088-3A5042F75D52}") = "S07L104_Numpy", "S07L104_Numpy\S07L104_Numpy.pyproj", "{83AE8CCF-0A94-4A47-B154-EDE00D2C53BF}"
EndProject
Global
	GlobalSection(SolutionConfigurationPlatforms) = preSolution
		Debug|Any CPU = Debug|Any CPU
		Release|Any CPU = Release|Any CPU
	EndGlobalSection
	GlobalSection(ProjectConfigurationPlatforms) = postSolution
		{83AE8CCF-0A94-4A47-B154-EDE00D2C53BF}.Debug|Any CPU.ActiveCfg = Debug|Any CPU
		{83AE8CCF-0A94-4A47-B154-EDE00D2C53BF}.Release|Any CPU.ActiveCfg = Release|Any CPU
	EndGlobalSection
	GlobalSection(SolutionProperties) = preSolution
		HideSolutionNode = FALSE
	EndGlobalSection
	GlobalSection(ExtensibilityGlobals) = postSolution
		SolutionGuid = {1C6FC4DA-20D4-4302-B63F-D118B5417BCD}
	EndGlobalSection
EndGlobal
