
Microsoft Visual Studio Solution File, Format Version 12.00
# Visual Studio 15
VisualStudioVersion = 15.0.28010.2036
MinimumVisualStudioVersion = 10.0.40219.1
Project("{888888A0-9F3D-457C-B088-3A5042F75D52}") = "S04L73_Errors", "S04L73_Errors\S04L73_Errors.pyproj", "{1953C59E-9EB7-4EAF-BCD7-2C852124CC40}"
EndProject
Global
	GlobalSection(SolutionConfigurationPlatforms) = preSolution
		Debug|Any CPU = Debug|Any CPU
		Release|Any CPU = Release|Any CPU
	EndGlobalSection
	GlobalSection(ProjectConfigurationPlatforms) = postSolution
		{1953C59E-9EB7-4EAF-BCD7-2C852124CC40}.Debug|Any CPU.ActiveCfg = Debug|Any CPU
		{1953C59E-9EB7-4EAF-BCD7-2C852124CC40}.Release|Any CPU.ActiveCfg = Release|Any CPU
	EndGlobalSection
	GlobalSection(SolutionProperties) = preSolution
		HideSolutionNode = FALSE
	EndGlobalSection
	GlobalSection(ExtensibilityGlobals) = postSolution
		SolutionGuid = {8A74BA65-397C-4AE6-8C32-B3C8423BD08C}
	EndGlobalSection
EndGlobal
