
Microsoft Visual Studio Solution File, Format Version 12.00
# Visual Studio 15
VisualStudioVersion = 15.0.28307.168
MinimumVisualStudioVersion = 10.0.40219.1
Project("{888888A0-9F3D-457C-B088-3A5042F75D52}") = "S06L98_Jupyter_JSON", "S06L98_Jupyter_JSON\S06L98_Jupyter_JSON.pyproj", "{F761F360-EE32-4A61-9D68-DA8C99586BD1}"
EndProject
Global
	GlobalSection(SolutionConfigurationPlatforms) = preSolution
		Debug|Any CPU = Debug|Any CPU
		Release|Any CPU = Release|Any CPU
	EndGlobalSection
	GlobalSection(ProjectConfigurationPlatforms) = postSolution
		{F761F360-EE32-4A61-9D68-DA8C99586BD1}.Debug|Any CPU.ActiveCfg = Debug|Any CPU
		{F761F360-EE32-4A61-9D68-DA8C99586BD1}.Release|Any CPU.ActiveCfg = Release|Any CPU
	EndGlobalSection
	GlobalSection(SolutionProperties) = preSolution
		HideSolutionNode = FALSE
	EndGlobalSection
	GlobalSection(ExtensibilityGlobals) = postSolution
		SolutionGuid = {6F0A8ECB-5C5F-42B4-9385-C689CD9DCBA1}
	EndGlobalSection
EndGlobal
