
Microsoft Visual Studio Solution File, Format Version 12.00
# Visual Studio 15
VisualStudioVersion = 15.0.28010.2036
MinimumVisualStudioVersion = 10.0.40219.1
Project("{888888A0-9F3D-457C-B088-3A5042F75D52}") = "S02L51_write_text_2_file", "S02L51_write_text_2_file\S02L51_write_text_2_file.pyproj", "{5019A0CD-32AC-4F68-B5A5-255607C60580}"
EndProject
Global
	GlobalSection(SolutionConfigurationPlatforms) = preSolution
		Debug|Any CPU = Debug|Any CPU
		Release|Any CPU = Release|Any CPU
	EndGlobalSection
	GlobalSection(ProjectConfigurationPlatforms) = postSolution
		{5019A0CD-32AC-4F68-B5A5-255607C60580}.Debug|Any CPU.ActiveCfg = Debug|Any CPU
		{5019A0CD-32AC-4F68-B5A5-255607C60580}.Release|Any CPU.ActiveCfg = Release|Any CPU
	EndGlobalSection
	GlobalSection(SolutionProperties) = preSolution
		HideSolutionNode = FALSE
	EndGlobalSection
	GlobalSection(ExtensibilityGlobals) = postSolution
		SolutionGuid = {DAF478C9-48F9-4126-B21B-CE02C4420798}
	EndGlobalSection
EndGlobal
