
Microsoft Visual Studio Solution File, Format Version 12.00
# Visual Studio 15
VisualStudioVersion = 15.0.28010.2019
MinimumVisualStudioVersion = 10.0.40219.1
Project("{888888A0-9F3D-457C-B088-3A5042F75D52}") = "phone_and_address_scraper2", "phone_and_address_scraper2\phone_and_address_scraper2.pyproj", "{BCEBCFEB-2648-4C65-89FE-F3DBE09360D5}"
EndProject
Global
	GlobalSection(SolutionConfigurationPlatforms) = preSolution
		Debug|Any CPU = Debug|Any CPU
		Release|Any CPU = Release|Any CPU
	EndGlobalSection
	GlobalSection(ProjectConfigurationPlatforms) = postSolution
		{BCEBCFEB-2648-4C65-89FE-F3DBE09360D5}.Debug|Any CPU.ActiveCfg = Debug|Any CPU
		{BCEBCFEB-2648-4C65-89FE-F3DBE09360D5}.Release|Any CPU.ActiveCfg = Release|Any CPU
	EndGlobalSection
	GlobalSection(SolutionProperties) = preSolution
		HideSolutionNode = FALSE
	EndGlobalSection
	GlobalSection(ExtensibilityGlobals) = postSolution
		SolutionGuid = {E45B5BD5-B67D-478B-86C3-F20ECA286FB4}
	EndGlobalSection
EndGlobal
