
Microsoft Visual Studio Solution File, Format Version 12.00
# Visual Studio 15
VisualStudioVersion = 15.0.27703.2042
MinimumVisualStudioVersion = 10.0.40219.1
Project("{888888A0-9F3D-457C-B088-3A5042F75D52}") = "ATBSWP Lesson 1 - Python Programming", "ATBSWP Lesson 1 - Python Programming\ATBSWP Lesson 1 - Python Programming.pyproj", "{BBD85E3B-547D-48CF-9A06-A4162B48891E}"
EndProject
Global
	GlobalSection(SolutionConfigurationPlatforms) = preSolution
		Debug|Any CPU = Debug|Any CPU
		Release|Any CPU = Release|Any CPU
	EndGlobalSection
	GlobalSection(ProjectConfigurationPlatforms) = postSolution
		{BBD85E3B-547D-48CF-9A06-A4162B48891E}.Debug|Any CPU.ActiveCfg = Debug|Any CPU
		{BBD85E3B-547D-48CF-9A06-A4162B48891E}.Release|Any CPU.ActiveCfg = Release|Any CPU
	EndGlobalSection
	GlobalSection(SolutionProperties) = preSolution
		HideSolutionNode = FALSE
	EndGlobalSection
	GlobalSection(ExtensibilityGlobals) = postSolution
		SolutionGuid = {3F49B2DF-ABC2-4F65-B457-E59A0479371F}
	EndGlobalSection
EndGlobal
