
Microsoft Visual Studio Solution File, Format Version 12.00
# Visual Studio 15
VisualStudioVersion = 15.0.28307.1209
MinimumVisualStudioVersion = 10.0.40219.1
Project("{888888A0-9F3D-457C-B088-3A5042F75D52}") = "PMC S11L73 File Processing", "PMC S11L73 File Processing\PMC S11L73 File Processing.pyproj", "{25C7F41B-DF3D-41E6-8F4C-507ED591BFA3}"
EndProject
Global
	GlobalSection(SolutionConfigurationPlatforms) = preSolution
		Debug|Any CPU = Debug|Any CPU
		Release|Any CPU = Release|Any CPU
	EndGlobalSection
	GlobalSection(ProjectConfigurationPlatforms) = postSolution
		{25C7F41B-DF3D-41E6-8F4C-507ED591BFA3}.Debug|Any CPU.ActiveCfg = Debug|Any CPU
		{25C7F41B-DF3D-41E6-8F4C-507ED591BFA3}.Release|Any CPU.ActiveCfg = Release|Any CPU
	EndGlobalSection
	GlobalSection(SolutionProperties) = preSolution
		HideSolutionNode = FALSE
	EndGlobalSection
	GlobalSection(ExtensibilityGlobals) = postSolution
		SolutionGuid = {FC681FD9-209B-4BB4-883E-2A94E6795872}
	EndGlobalSection
EndGlobal
