
Microsoft Visual Studio Solution File, Format Version 12.00
# Visual Studio 15
VisualStudioVersion = 15.0.28010.2019
MinimumVisualStudioVersion = 10.0.40219.1
Project("{888888A0-9F3D-457C-B088-3A5042F75D52}") = "Logging", "Logging\Logging.pyproj", "{AC1A1A9C-FB30-4787-837C-89C763274BE1}"
EndProject
Global
	GlobalSection(SolutionConfigurationPlatforms) = preSolution
		Debug|Any CPU = Debug|Any CPU
		Release|Any CPU = Release|Any CPU
	EndGlobalSection
	GlobalSection(ProjectConfigurationPlatforms) = postSolution
		{AC1A1A9C-FB30-4787-837C-89C763274BE1}.Debug|Any CPU.ActiveCfg = Debug|Any CPU
		{AC1A1A9C-FB30-4787-837C-89C763274BE1}.Release|Any CPU.ActiveCfg = Release|Any CPU
	EndGlobalSection
	GlobalSection(SolutionProperties) = preSolution
		HideSolutionNode = FALSE
	EndGlobalSection
	GlobalSection(ExtensibilityGlobals) = postSolution
		SolutionGuid = {4D76A19C-313B-4625-A5EE-843D6797A2A8}
	EndGlobalSection
EndGlobal
