
Microsoft Visual Studio Solution File, Format Version 12.00
# Visual Studio 15
VisualStudioVersion = 15.0.28010.2019
MinimumVisualStudioVersion = 10.0.40219.1
Project("{888888A0-9F3D-457C-B088-3A5042F75D52}") = "downloadStuffFromTheWeb", "downloadStuffFromTheWeb\downloadStuffFromTheWeb.pyproj", "{BC5F1719-3AE5-48E3-AE1B-560B10947740}"
EndProject
Global
	GlobalSection(SolutionConfigurationPlatforms) = preSolution
		Debug|Any CPU = Debug|Any CPU
		Release|Any CPU = Release|Any CPU
	EndGlobalSection
	GlobalSection(ProjectConfigurationPlatforms) = postSolution
		{BC5F1719-3AE5-48E3-AE1B-560B10947740}.Debug|Any CPU.ActiveCfg = Debug|Any CPU
		{BC5F1719-3AE5-48E3-AE1B-560B10947740}.Release|Any CPU.ActiveCfg = Release|Any CPU
	EndGlobalSection
	GlobalSection(SolutionProperties) = preSolution
		HideSolutionNode = FALSE
	EndGlobalSection
	GlobalSection(ExtensibilityGlobals) = postSolution
		SolutionGuid = {8DD2FD90-31D0-455C-9D16-D1D98B4C7A15}
	EndGlobalSection
EndGlobal
