
Microsoft Visual Studio Solution File, Format Version 12.00
# Visual Studio 15
VisualStudioVersion = 15.0.28010.2019
MinimumVisualStudioVersion = 10.0.40219.1
Project("{888888A0-9F3D-457C-B088-3A5042F75D52}") = "phone_and_address_scraper3", "phone_and_address_scraper3\phone_and_address_scraper3.pyproj", "{15E5EFA1-4350-4FDE-9088-66C1865F3A0A}"
EndProject
Global
	GlobalSection(SolutionConfigurationPlatforms) = preSolution
		Debug|Any CPU = Debug|Any CPU
		Release|Any CPU = Release|Any CPU
	EndGlobalSection
	GlobalSection(ProjectConfigurationPlatforms) = postSolution
		{15E5EFA1-4350-4FDE-9088-66C1865F3A0A}.Debug|Any CPU.ActiveCfg = Debug|Any CPU
		{15E5EFA1-4350-4FDE-9088-66C1865F3A0A}.Release|Any CPU.ActiveCfg = Release|Any CPU
	EndGlobalSection
	GlobalSection(SolutionProperties) = preSolution
		HideSolutionNode = FALSE
	EndGlobalSection
	GlobalSection(ExtensibilityGlobals) = postSolution
		SolutionGuid = {517434F0-59E6-4106-897C-A06D050C4595}
	EndGlobalSection
EndGlobal
